// !$*UTF8*$!
{
	archiveVersion = 1;
	classes = {
	};
	objectVersion = 50;
	objects = {

/* Begin PBXBuildFile section */
		7595023E27CF7D1200680621 /* AppDelegate.swift in Sources */ = {isa = PBXBuildFile; fileRef = 7595023D27CF7D1200680621 /* AppDelegate.swift */; };
		7595024027CF7D1200680621 /* SceneDelegate.swift in Sources */ = {isa = PBXBuildFile; fileRef = 7595023F27CF7D1200680621 /* SceneDelegate.swift */; };
		7595024227CF7D1200680621 /* ViewController.swift in Sources */ = {isa = PBXBuildFile; fileRef = 7595024127CF7D1200680621 /* ViewController.swift */; };
		7595024527CF7D1200680621 /* Main.storyboard in Resources */ = {isa = PBXBuildFile; fileRef = 7595024327CF7D1200680621 /* Main.storyboard */; };
		7595024727CF7D1300680621 /* Assets.xcassets in Resources */ = {isa = PBXBuildFile; fileRef = 7595024627CF7D1300680621 /* Assets.xcassets */; };
		7595024A27CF7D1300680621 /* LaunchScreen.storyboard in Resources */ = {isa = PBXBuildFile; fileRef = 7595024827CF7D1300680621 /* LaunchScreen.storyboard */; };
		7595025527CF7D1400680621 /* ContactTests.swift in Sources */ = {isa = PBXBuildFile; fileRef = 7595025427CF7D1400680621 /* ContactTests.swift */; };
		7595026027CF7D1400680621 /* ContactUITests.swift in Sources */ = {isa = PBXBuildFile; fileRef = 7595025F27CF7D1400680621 /* ContactUITests.swift */; };
		7595026E27CF89EE00680621 /* CheckBoxButton.swift in Sources */ = {isa = PBXBuildFile; fileRef = 7595026D27CF89EE00680621 /* CheckBoxButton.swift */; };
		7595027227CF907700680621 /* CELL.swift in Sources */ = {isa = PBXBuildFile; fileRef = 7595027127CF907700680621 /* CELL.swift */; };
/* End PBXBuildFile section */

/* Begin PBXContainerItemProxy section */
		7595025127CF7D1300680621 /* PBXContainerItemProxy */ = {
			isa = PBXContainerItemProxy;
			containerPortal = 7595023227CF7D1200680621 /* Project object */;
			proxyType = 1;
			remoteGlobalIDString = 7595023927CF7D1200680621;
			remoteInfo = Contact;
		};
		7595025C27CF7D1400680621 /* PBXContainerItemProxy */ = {
			isa = PBXContainerItemProxy;
			containerPortal = 7595023227CF7D1200680621 /* Project object */;
			proxyType = 1;
			remoteGlobalIDString = 7595023927CF7D1200680621;
			remoteInfo = Contact;
		};
/* End PBXContainerItemProxy section */

/* Begin PBXFileReference section */
		7595023A27CF7D1200680621 /* Contact.app */ = {isa = PBXFileReference; explicitFileType = wrapper.application; includeInIndex = 0; path = Contact.app; sourceTree = BUILT_PRODUCTS_DIR; };
		7595023D27CF7D1200680621 /* AppDelegate.swift */ = {isa = PBXFileReference; lastKnownFileType = sourcecode.swift; path = AppDelegate.swift; sourceTree = "<group>"; };
		7595023F27CF7D1200680621 /* SceneDelegate.swift */ = {isa = PBXFileReference; lastKnownFileType = sourcecode.swift; path = SceneDelegate.swift; sourceTree = "<group>"; };
		7595024127CF7D1200680621 /* ViewController.swift */ = {isa = PBXFileReference; lastKnownFileType = sourcecode.swift; path = ViewController.swift; sourceTree = "<group>"; };
		7595024427CF7D1200680621 /* Base */ = {isa = PBXFileReference; lastKnownFileType = file.storyboard; name = Base; path = Base.lproj/Main.storyboard; sourceTree = "<group>"; };
		7595024627CF7D1300680621 /* Assets.xcassets */ = {isa = PBXFileReference; lastKnownFileType = folder.assetcatalog; path = Assets.xcassets; sourceTree = "<group>"; };
		7595024927CF7D1300680621 /* Base */ = {isa = PBXFileReference; lastKnownFileType = file.storyboard; name = Base; path = Base.lproj/LaunchScreen.storyboard; sourceTree = "<group>"; };
		7595024B27CF7D1300680621 /* Info.plist */ = {isa = PBXFileReference; lastKnownFileType = text.plist.xml; path = Info.plist; sourceTree = "<group>"; };
		7595025027CF7D1300680621 /* ContactTests.xctest */ = {isa = PBXFileReference; explicitFileType = wrapper.cfbundle; includeInIndex = 0; path = ContactTests.xctest; sourceTree = BUILT_PRODUCTS_DIR; };
		7595025427CF7D1400680621 /* ContactTests.swift */ = {isa = PBXFileReference; lastKnownFileType = sourcecode.swift; path = ContactTests.swift; sourceTree = "<group>"; };
		7595025627CF7D1400680621 /* Info.plist */ = {isa = PBXFileReference; lastKnownFileType = text.plist.xml; path = Info.plist; sourceTree = "<group>"; };
		7595025B27CF7D1400680621 /* ContactUITests.xctest */ = {isa = PBXFileReference; explicitFileType = wrapper.cfbundle; includeInIndex = 0; path = ContactUITests.xctest; sourceTree = BUILT_PRODUCTS_DIR; };
		7595025F27CF7D1400680621 /* ContactUITests.swift */ = {isa = PBXFileReference; lastKnownFileType = sourcecode.swift; path = ContactUITests.swift; sourceTree = "<group>"; };
		7595026127CF7D1400680621 /* Info.plist */ = {isa = PBXFileReference; lastKnownFileType = text.plist.xml; path = Info.plist; sourceTree = "<group>"; };
		7595026D27CF89EE00680621 /* CheckBoxButton.swift */ = {isa = PBXFileReference; lastKnownFileType = sourcecode.swift; path = CheckBoxButton.swift; sourceTree = "<group>"; };
		7595027127CF907700680621 /* CELL.swift */ = {isa = PBXFileReference; lastKnownFileType = sourcecode.swift; path = CELL.swift; sourceTree = "<group>"; };
/* End PBXFileReference section */

/* Begin PBXFrameworksBuildPhase section */
		7595023727CF7D1200680621 /* Frameworks */ = {
			isa = PBXFrameworksBuildPhase;
			buildActionMask = 2147483647;
			files = (
			);
			runOnlyForDeploymentPostprocessing = 0;
		};
		7595024D27CF7D1300680621 /* Frameworks */ = {
			isa = PBXFrameworksBuildPhase;
			buildActionMask = 2147483647;
			files = (
			);
			runOnlyForDeploymentPostprocessing = 0;
		};
		7595025827CF7D1400680621 /* Frameworks */ = {
			isa = PBXFrameworksBuildPhase;
			buildActionMask = 2147483647;
			files = (
			);
			runOnlyForDeploymentPostprocessing = 0;
		};
/* End PBXFrameworksBuildPhase section */

/* Begin PBXGroup section */
		7595023127CF7D1200680621 = {
			isa = PBXGroup;
			children = (
				7595023C27CF7D1200680621 /* Contact */,
				7595025327CF7D1400680621 /* ContactTests */,
				7595025E27CF7D1400680621 /* ContactUITests */,
				7595023B27CF7D1200680621 /* Products */,
			);
			sourceTree = "<group>";
		};
		7595023B27CF7D1200680621 /* Products */ = {
			isa = PBXGroup;
			children = (
				7595023A27CF7D1200680621 /* Contact.app */,
				7595025027CF7D1300680621 /* ContactTests.xctest */,
				7595025B27CF7D1400680621 /* ContactUITests.xctest */,
			);
			name = Products;
			sourceTree = "<group>";
		};
		7595023C27CF7D1200680621 /* Contact */ = {
			isa = PBXGroup;
			children = (
				7595023D27CF7D1200680621 /* AppDelegate.swift */,
				7595023F27CF7D1200680621 /* SceneDelegate.swift */,
				7595024127CF7D1200680621 /* ViewController.swift */,
				7595024327CF7D1200680621 /* Main.storyboard */,
				7595027127CF907700680621 /* CELL.swift */,
				7595024627CF7D1300680621 /* Assets.xcassets */,
				7595024827CF7D1300680621 /* LaunchScreen.storyboard */,
				7595024B27CF7D1300680621 /* Info.plist */,
				7595026D27CF89EE00680621 /* CheckBoxButton.swift */,
			);
			path = Contact;
			sourceTree = "<group>";
		};
		7595025327CF7D1400680621 /* ContactTests */ = {
			isa = PBXGroup;
			children = (
				7595025427CF7D1400680621 /* ContactTests.swift */,
				7595025627CF7D1400680621 /* Info.plist */,
			);
			path = ContactTests;
			sourceTree = "<group>";
		};
		7595025E27CF7D1400680621 /* ContactUITests */ = {
			isa = PBXGroup;
			children = (
				7595025F27CF7D1400680621 /* ContactUITests.swift */,
				7595026127CF7D1400680621 /* Info.plist */,
			);
			path = ContactUITests;
			sourceTree = "<group>";
		};
/* End PBXGroup section */

/* Begin PBXNativeTarget section */
		7595023927CF7D1200680621 /* Contact */ = {
			isa = PBXNativeTarget;
			buildConfigurationList = 7595026427CF7D1400680621 /* Build configuration list for PBXNativeTarget "Contact" */;
			buildPhases = (
				7595023627CF7D1200680621 /* Sources */,
				7595023727CF7D1200680621 /* Frameworks */,
				7595023827CF7D1200680621 /* Resources */,
			);
			buildRules = (
			);
			dependencies = (
			);
			name = Contact;
			productName = Contact;
			productReference = 7595023A27CF7D1200680621 /* Contact.app */;
			productType = "com.apple.product-type.application";
		};
		7595024F27CF7D1300680621 /* ContactTests */ = {
			isa = PBXNativeTarget;
			buildConfigurationList = 7595026727CF7D1400680621 /* Build configuration list for PBXNativeTarget "ContactTests" */;
			buildPhases = (
				7595024C27CF7D1300680621 /* Sources */,
				7595024D27CF7D1300680621 /* Frameworks */,
				7595024E27CF7D1300680621 /* Resources */,
			);
			buildRules = (
			);
			dependencies = (
				7595025227CF7D1300680621 /* PBXTargetDependency */,
			);
			name = ContactTests;
			productName = ContactTests;
			productReference = 7595025027CF7D1300680621 /* ContactTests.xctest */;
			productType = "com.apple.product-type.bundle.unit-test";
		};
		7595025A27CF7D1400680621 /* ContactUITests */ = {
			isa = PBXNativeTarget;
			buildConfigurationList = 7595026A27CF7D1400680621 /* Build configuration list for PBXNativeTarget "ContactUITests" */;
			buildPhases = (
				7595025727CF7D1400680621 /* Sources */,
				7595025827CF7D1400680621 /* Frameworks */,
				7595025927CF7D1400680621 /* Resources */,
			);
			buildRules = (
			);
			dependencies = (
				7595025D27CF7D1400680621 /* PBXTargetDependency */,
			);
			name = ContactUITests;
			productName = ContactUITests;
			productReference = 7595025B27CF7D1400680621 /* ContactUITests.xctest */;
			productType = "com.apple.product-type.bundle.ui-testing";
		};
/* End PBXNativeTarget section */

/* Begin PBXProject section */
		7595023227CF7D1200680621 /* Project object */ = {
			isa = PBXProject;
			attributes = {
				LastSwiftUpdateCheck = 1250;
				LastUpgradeCheck = 1250;
				TargetAttributes = {
					7595023927CF7D1200680621 = {
						CreatedOnToolsVersion = 12.5.1;
					};
					7595024F27CF7D1300680621 = {
						CreatedOnToolsVersion = 12.5.1;
						TestTargetID = 7595023927CF7D1200680621;
					};
					7595025A27CF7D1400680621 = {
						CreatedOnToolsVersion = 12.5.1;
						TestTargetID = 7595023927CF7D1200680621;
					};
				};
			};
			buildConfigurationList = 7595023527CF7D1200680621 /* Build configuration list for PBXProject "Contact" */;
			compatibilityVersion = "Xcode 9.3";
			developmentRegion = en;
			hasScannedForEncodings = 0;
			knownRegions = (
				en,
				Base,
			);
			mainGroup = 7595023127CF7D1200680621;
			productRefGroup = 7595023B27CF7D1200680621 /* Products */;
			projectDirPath = "";
			projectRoot = "";
			targets = (
				7595023927CF7D1200680621 /* Contact */,
				7595024F27CF7D1300680621 /* ContactTests */,
				7595025A27CF7D1400680621 /* ContactUITests */,
			);
		};
/* End PBXProject section */

/* Begin PBXResourcesBuildPhase section */
		7595023827CF7D1200680621 /* Resources */ = {
			isa = PBXResourcesBuildPhase;
			buildActionMask = 2147483647;
			files = (
				7595024A27CF7D1300680621 /* LaunchScreen.storyboard in Resources */,
				7595024727CF7D1300680621 /* Assets.xcassets in Resources */,
				7595024527CF7D1200680621 /* Main.storyboard in Resources */,
			);
			runOnlyForDeploymentPostprocessing = 0;
		};
		7595024E27CF7D1300680621 /* Resources */ = {
			isa = PBXResourcesBuildPhase;
			buildActionMask = 2147483647;
			files = (
			);
			runOnlyForDeploymentPostprocessing = 0;
		};
		7595025927CF7D1400680621 /* Resources */ = {
			isa = PBXResourcesBuildPhase;
			buildActionMask = 2147483647;
			files = (
			);
			runOnlyForDeploymentPostprocessing = 0;
		};
/* End PBXResourcesBuildPhase section */

/* Begin PBXSourcesBuildPhase section */
		7595023627CF7D1200680621 /* Sources */ = {
			isa = PBXSourcesBuildPhase;
			buildActionMask = 2147483647;
			files = (
				7595024227CF7D1200680621 /* ViewController.swift in Sources */,
				7595023E27CF7D1200680621 /* AppDelegate.swift in Sources */,
				7595027227CF907700680621 /* CELL.swift in Sources */,
				7595026E27CF89EE00680621 /* CheckBoxButton.swift in Sources */,
				7595024027CF7D1200680621 /* SceneDelegate.swift in Sources */,
			);
			runOnlyForDeploymentPostprocessing = 0;
		};
		7595024C27CF7D1300680621 /* Sources */ = {
			isa = PBXSourcesBuildPhase;
			buildActionMask = 2147483647;
			files = (
				7595025527CF7D1400680621 /* ContactTests.swift in Sources */,
			);
			runOnlyForDeploymentPostprocessing = 0;
		};
		7595025727CF7D1400680621 /* Sources */ = {
			isa = PBXSourcesBuildPhase;
			buildActionMask = 2147483647;
			files = (
				7595026027CF7D1400680621 /* ContactUITests.swift in Sources */,
			);
			runOnlyForDeploymentPostprocessing = 0;
		};
/* End PBXSourcesBuildPhase section */

/* Begin PBXTargetDependency section */
		7595025227CF7D1300680621 /* PBXTargetDependency */ = {
			isa = PBXTargetDependency;
			target = 7595023927CF7D1200680621 /* Contact */;
			targetProxy = 7595025127CF7D1300680621 /* PBXContainerItemProxy */;
		};
		7595025D27CF7D1400680621 /* PBXTargetDependency */ = {
			isa = PBXTargetDependency;
			target = 7595023927CF7D1200680621 /* Contact */;
			targetProxy = 7595025C27CF7D1400680621 /* PBXContainerItemProxy */;
		};
/* End PBXTargetDependency section */

/* Begin PBXVariantGroup section */
		7595024327CF7D1200680621 /* Main.storyboard */ = {
			isa = PBXVariantGroup;
			children = (
				7595024427CF7D1200680621 /* Base */,
			);
			name = Main.storyboard;
			sourceTree = "<group>";
		};
		7595024827CF7D1300680621 /* LaunchScreen.storyboard */ = {
			isa = PBXVariantGroup;
			children = (
				7595024927CF7D1300680621 /* Base */,
			);
			name = LaunchScreen.storyboard;
			sourceTree = "<group>";
		};
/* End PBXVariantGroup section */

/* Begin XCBuildConfiguration section */
		7595026227CF7D1400680621 /* Debug */ = {
			isa = XCBuildConfiguration;
			buildSettings = {
				ALWAYS_SEARCH_USER_PATHS = NO;
				CLANG_ANALYZER_NONNULL = YES;
				CLANG_ANALYZER_NUMBER_OBJECT_CONVERSION = YES_AGGRESSIVE;
				CLANG_CXX_LANGUAGE_STANDARD = "gnu++14";
				CLANG_CXX_LIBRARY = "libc++";
				CLANG_ENABLE_MODULES = YES;
				CLANG_ENABLE_OBJC_ARC = YES;
				CLANG_ENABLE_OBJC_WEAK = YES;
				CLANG_WARN_BLOCK_CAPTURE_AUTORELEASING = YES;
				CLANG_WARN_BOOL_CONVERSION = YES;
				CLANG_WARN_COMMA = YES;
				CLANG_WARN_CONSTANT_CONVERSION = YES;
				CLANG_WARN_DEPRECATED_OBJC_IMPLEMENTATIONS = YES;
				CLANG_WARN_DIRECT_OBJC_ISA_USAGE = YES_ERROR;
				CLANG_WARN_DOCUMENTATION_COMMENTS = YES;
				CLANG_WARN_EMPTY_BODY = YES;
				CLANG_WARN_ENUM_CONVERSION = YES;
				CLANG_WARN_INFINITE_RECURSION = YES;
				CLANG_WARN_INT_CONVERSION = YES;
				CLANG_WARN_NON_LITERAL_NULL_CONVERSION = YES;
				CLANG_WARN_OBJC_IMPLICIT_RETAIN_SELF = YES;
				CLANG_WARN_OBJC_LITERAL_CONVERSION = YES;
				CLANG_WARN_OBJC_ROOT_CLASS = YES_ERROR;
				CLANG_WARN_QUOTED_INCLUDE_IN_FRAMEWORK_HEADER = YES;
				CLANG_WARN_RANGE_LOOP_ANALYSIS = YES;
				CLANG_WARN_STRICT_PROTOTYPES = YES;
				CLANG_WARN_SUSPICIOUS_MOVE = YES;
				CLANG_WARN_UNGUARDED_AVAILABILITY = YES_AGGRESSIVE;
				CLANG_WARN_UNREACHABLE_CODE = YES;
				CLANG_WARN__DUPLICATE_METHOD_MATCH = YES;
				COPY_PHASE_STRIP = NO;
				DEBUG_INFORMATION_FORMAT = dwarf;
				ENABLE_STRICT_OBJC_MSGSEND = YES;
				ENABLE_TESTABILITY = YES;
				GCC_C_LANGUAGE_STANDARD = gnu11;
				GCC_DYNAMIC_NO_PIC = NO;
				GCC_NO_COMMON_BLOCKS = YES;
				GCC_OPTIMIZATION_LEVEL = 0;
				GCC_PREPROCESSOR_DEFINITIONS = (
					"DEBUG=1",
					"$(inherited)",
				);
				GCC_WARN_64_TO_32_BIT_CONVERSION = YES;
				GCC_WARN_ABOUT_RETURN_TYPE = YES_ERROR;
				GCC_WARN_UNDECLARED_SELECTOR = YES;
				GCC_WARN_UNINITIALIZED_AUTOS = YES_AGGRESSIVE;
				GCC_WARN_UNUSED_FUNCTION = YES;
				GCC_WARN_UNUSED_VARIABLE = YES;
				IPHONEOS_DEPLOYMENT_TARGET = 14.5;
				MTL_ENABLE_DEBUG_INFO = INCLUDE_SOURCE;
				MTL_FAST_MATH = YES;
				ONLY_ACTIVE_ARCH = YES;
				SDKROOT = iphoneos;
				SWIFT_ACTIVE_COMPILATION_CONDITIONS = DEBUG;
				SWIFT_OPTIMIZATION_LEVEL = "-Onone";
			};
			name = Debug;
		};
		7595026327CF7D1400680621 /* Release */ = {
			isa = XCBuildConfiguration;
			buildSettings = {
				ALWAYS_SEARCH_USER_PATHS = NO;
				CLANG_ANALYZER_NONNULL = YES;
				CLANG_ANALYZER_NUMBER_OBJECT_CONVERSION = YES_AGGRESSIVE;
				CLANG_CXX_LANGUAGE_STANDARD = "gnu++14";
				CLANG_CXX_LIBRARY = "libc++";
				CLANG_ENABLE_MODULES = YES;
				CLANG_ENABLE_OBJC_ARC = YES;
				CLANG_ENABLE_OBJC_WEAK = YES;
				CLANG_WARN_BLOCK_CAPTURE_AUTORELEASING = YES;
				CLANG_WARN_BOOL_CONVERSION = YES;
				CLANG_WARN_COMMA = YES;
				CLANG_WARN_CONSTANT_CONVERSION = YES;
				CLANG_WARN_DEPRECATED_OBJC_IMPLEMENTATIONS = YES;
				CLANG_WARN_DIRECT_OBJC_ISA_USAGE = YES_ERROR;
				CLANG_WARN_DOCUMENTATION_COMMENTS = YES;
				CLANG_WARN_EMPTY_BODY = YES;
				CLANG_WARN_ENUM_CONVERSION = YES;
				CLANG_WARN_INFINITE_RECURSION = YES;
				CLANG_WARN_INT_CONVERSION = YES;
				CLANG_WARN_NON_LITERAL_NULL_CONVERSION = YES;
				CLANG_WARN_OBJC_IMPLICIT_RETAIN_SELF = YES;
				CLANG_WARN_OBJC_LITERAL_CONVERSION = YES;
				CLANG_WARN_OBJC_ROOT_CLASS = YES_ERROR;
				CLANG_WARN_QUOTED_INCLUDE_IN_FRAMEWORK_HEADER = YES;
				CLANG_WARN_RANGE_LOOP_ANALYSIS = YES;
				CLANG_WARN_STRICT_PROTOTYPES = YES;
				CLANG_WARN_SUSPICIOUS_MOVE = YES;
				CLANG_WARN_UNGUARDED_AVAILABILITY = YES_AGGRESSIVE;
				CLANG_WARN_UNREACHABLE_CODE = YES;
				CLANG_WARN__DUPLICATE_METHOD_MATCH = YES;
				COPY_PHASE_STRIP = NO;
				DEBUG_INFORMATION_FORMAT = "dwarf-with-dsym";
				ENABLE_NS_ASSERTIONS = NO;
				ENABLE_STRICT_OBJC_MSGSEND = YES;
				GCC_C_LANGUAGE_STANDARD = gnu11;
				GCC_NO_COMMON_BLOCKS = YES;
				GCC_WARN_64_TO_32_BIT_CONVERSION = YES;
				GCC_WARN_ABOUT_RETURN_TYPE = YES_ERROR;
				GCC_WARN_UNDECLARED_SELECTOR = YES;
				GCC_WARN_UNINITIALIZED_AUTOS = YES_AGGRESSIVE;
				GCC_WARN_UNUSED_FUNCTION = YES;
				GCC_WARN_UNUSED_VARIABLE = YES;
				IPHONEOS_DEPLOYMENT_TARGET = 14.5;
				MTL_ENABLE_DEBUG_INFO = NO;
				MTL_FAST_MATH = YES;
				SDKROOT = iphoneos;
				SWIFT_COMPILATION_MODE = wholemodule;
				SWIFT_OPTIMIZATION_LEVEL = "-O";
				VALIDATE_PRODUCT = YES;
			};
			name = Release;
		};
		7595026527CF7D1400680621 /* Debug */ = {
			isa = XCBuildConfiguration;
			buildSettings = {
				ASSETCATALOG_COMPILER_APPICON_NAME = AppIcon;
				ASSETCATALOG_COMPILER_GLOBAL_ACCENT_COLOR_NAME = AccentColor;
				CODE_SIGN_STYLE = Automatic;
				INFOPLIST_FILE = Contact/Info.plist;
				LD_RUNPATH_SEARCH_PATHS = (
					"$(inherited)",
					"@executable_path/Frameworks",
				);
				PRODUCT_BUNDLE_IDENTIFIER = com.giabao.Contact;
				PRODUCT_NAME = "$(TARGET_NAME)";
				SWIFT_VERSION = 5.0;
				TARGETED_DEVICE_FAMILY = "1,2";
			};
			name = Debug;
		};
		7595026627CF7D1400680621 /* Release */ = {
			isa = XCBuildConfiguration;
			buildSettings = {
				ASSETCATALOG_COMPILER_APPICON_NAME = AppIcon;
				ASSETCATALOG_COMPILER_GLOBAL_ACCENT_COLOR_NAME = AccentColor;
				CODE_SIGN_STYLE = Automatic;
				INFOPLIST_FILE = Contact/Info.plist;
				LD_RUNPATH_SEARCH_PATHS = (
					"$(inherited)",
					"@executable_path/Frameworks",
				);
				PRODUCT_BUNDLE_IDENTIFIER = com.giabao.Contact;
				PRODUCT_NAME = "$(TARGET_NAME)";
				SWIFT_VERSION = 5.0;
				TARGETED_DEVICE_FAMILY = "1,2";
			};
			name = Release;
		};
		7595026827CF7D1400680621 /* Debug */ = {
			isa = XCBuildConfiguration;
			buildSettings = {
				ALWAYS_EMBED_SWIFT_STANDARD_LIBRARIES = YES;
				BUNDLE_LOADER = "$(TEST_HOST)";
				CODE_SIGN_STYLE = Automatic;
				INFOPLIST_FILE = ContactTests/Info.plist;
				IPHONEOS_DEPLOYMENT_TARGET = 14.5;
				LD_RUNPATH_SEARCH_PATHS = (
					"$(inherited)",
					"@executable_path/Frameworks",
					"@loader_path/Frameworks",
				);
				PRODUCT_BUNDLE_IDENTIFIER = com.giabao.ContactTests;
				PRODUCT_NAME = "$(TARGET_NAME)";
				SWIFT_VERSION = 5.0;
				TARGETED_DEVICE_FAMILY = "1,2";
				TEST_HOST = "$(BUILT_PRODUCTS_DIR)/Contact.app/Contact";
			};
			name = Debug;
		};
		7595026927CF7D1400680621 /* Release */ = {
			isa = XCBuildConfiguration;
			buildSettings = {
				ALWAYS_EMBED_SWIFT_STANDARD_LIBRARIES = YES;
				BUNDLE_LOADER = "$(TEST_HOST)";
				CODE_SIGN_STYLE = Automatic;
				INFOPLIST_FILE = ContactTests/Info.plist;
				IPHONEOS_DEPLOYMENT_TARGET = 14.5;
				LD_RUNPATH_SEARCH_PATHS = (
					"$(inherited)",
					"@executable_path/Frameworks",
					"@loader_path/Frameworks",
				);
				PRODUCT_BUNDLE_IDENTIFIER = com.giabao.ContactTests;
				PRODUCT_NAME = "$(TARGET_NAME)";
				SWIFT_VERSION = 5.0;
				TARGETED_DEVICE_FAMILY = "1,2";
				TEST_HOST = "$(BUILT_PRODUCTS_DIR)/Contact.app/Contact";
			};
			name = Release;
		};
		7595026B27CF7D1400680621 /* Debug */ = {
			isa = XCBuildConfiguration;
			buildSettings = {
				ALWAYS_EMBED_SWIFT_STANDARD_LIBRARIES = YES;
				CODE_SIGN_STYLE = Automatic;
				INFOPLIST_FILE = ContactUITests/Info.plist;
				LD_RUNPATH_SEARCH_PATHS = (
					"$(inherited)",
					"@executable_path/Frameworks",
					"@loader_path/Frameworks",
				);
				PRODUCT_BUNDLE_IDENTIFIER = com.giabao.ContactUITests;
				PRODUCT_NAME = "$(TARGET_NAME)";
				SWIFT_VERSION = 5.0;
				TARGETED_DEVICE_FAMILY = "1,2";
				TEST_TARGET_NAME = Contact;
			};
			name = Debug;
		};
		7595026C27CF7D1400680621 /* Release */ = {
			isa = XCBuildConfiguration;
			buildSettings = {
				ALWAYS_EMBED_SWIFT_STANDARD_LIBRARIES = YES;
				CODE_SIGN_STYLE = Automatic;
				INFOPLIST_FILE = ContactUITests/Info.plist;
				LD_RUNPATH_SEARCH_PATHS = (
					"$(inherited)",
					"@executable_path/Frameworks",
					"@loader_path/Frameworks",
				);
				PRODUCT_BUNDLE_IDENTIFIER = com.giabao.ContactUITests;
				PRODUCT_NAME = "$(TARGET_NAME)";
				SWIFT_VERSION = 5.0;
				TARGETED_DEVICE_FAMILY = "1,2";
				TEST_TARGET_NAME = Contact;
			};
			name = Release;
		};
/* End XCBuildConfiguration section */

/* Begin XCConfigurationList section */
		7595023527CF7D1200680621 /* Build configuration list for PBXProject "Contact" */ = {
			isa = XCConfigurationList;
			buildConfigurations = (
				7595026227CF7D1400680621 /* Debug */,
				7595026327CF7D1400680621 /* Release */,
			);
			defaultConfigurationIsVisible = 0;
			defaultConfigurationName = Release;
		};
		7595026427CF7D1400680621 /* Build configuration list for PBXNativeTarget "Contact" */ = {
			isa = XCConfigurationList;
			buildConfigurations = (
				7595026527CF7D1400680621 /* Debug */,
				7595026627CF7D1400680621 /* Release */,
			);
			defaultConfigurationIsVisible = 0;
			defaultConfigurationName = Release;
		};
		7595026727CF7D1400680621 /* Build configuration list for PBXNativeTarget "ContactTests" */ = {
			isa = XCConfigurationList;
			buildConfigurations = (
				7595026827CF7D1400680621 /* Debug */,
				7595026927CF7D1400680621 /* Release */,
			);
			defaultConfigurationIsVisible = 0;
			defaultConfigurationName = Release;
		};
		7595026A27CF7D1400680621 /* Build configuration list for PBXNativeTarget "ContactUITests" */ = {
			isa = XCConfigurationList;
			buildConfigurations = (
				7595026B27CF7D1400680621 /* Debug */,
				7595026C27CF7D1400680621 /* Release */,
			);
			defaultConfigurationIsVisible = 0;
			defaultConfigurationName = Release;
		};
/* End XCConfigurationList section */
	};
	rootObject = 7595023227CF7D1200680621 /* Project object */;
}
