// !$*UTF8*$!
{
	archiveVersion = 1;
	classes = {
	};
	objectVersion = 55;
	objects = {

/* Begin PBXBuildFile section */
		22688C1628154D520011B48C /* AppDelegate.swift in Sources */ = {isa = PBXBuildFile; fileRef = 22688C1528154D520011B48C /* AppDelegate.swift */; };
		22688C1828154D520011B48C /* SceneDelegate.swift in Sources */ = {isa = PBXBuildFile; fileRef = 22688C1728154D520011B48C /* SceneDelegate.swift */; };
		22688C1A28154D520011B48C /* ViewController.swift in Sources */ = {isa = PBXBuildFile; fileRef = 22688C1928154D520011B48C /* ViewController.swift */; };
		22688C1D28154D520011B48C /* Main.storyboard in Resources */ = {isa = PBXBuildFile; fileRef = 22688C1B28154D520011B48C /* Main.storyboard */; };
		22688C1F28154D530011B48C /* Assets.xcassets in Resources */ = {isa = PBXBuildFile; fileRef = 22688C1E28154D530011B48C /* Assets.xcassets */; };
		22688C2228154D530011B48C /* LaunchScreen.storyboard in Resources */ = {isa = PBXBuildFile; fileRef = 22688C2028154D530011B48C /* LaunchScreen.storyboard */; };
		22688C2D28154D530011B48C /* BaoBeoTests.swift in Sources */ = {isa = PBXBuildFile; fileRef = 22688C2C28154D530011B48C /* BaoBeoTests.swift */; };
		22688C3728154D530011B48C /* BaoBeoUITests.swift in Sources */ = {isa = PBXBuildFile; fileRef = 22688C3628154D530011B48C /* BaoBeoUITests.swift */; };
		22688C3928154D530011B48C /* BaoBeoUITestsLaunchTests.swift in Sources */ = {isa = PBXBuildFile; fileRef = 22688C3828154D530011B48C /* BaoBeoUITestsLaunchTests.swift */; };
		2295C48828155F1700ADE104 /* BillCell.swift in Sources */ = {isa = PBXBuildFile; fileRef = 2295C48728155F1700ADE104 /* BillCell.swift */; };
		2295C48A281560C500ADE104 /* Model.swift in Sources */ = {isa = PBXBuildFile; fileRef = 2295C489281560C500ADE104 /* Model.swift */; };
		2295C48C2815801100ADE104 /* PresentViewController.swift in Sources */ = {isa = PBXBuildFile; fileRef = 2295C48B2815801100ADE104 /* PresentViewController.swift */; };
		2295C48E2815859B00ADE104 /* Optionalcell.swift in Sources */ = {isa = PBXBuildFile; fileRef = 2295C48D2815859B00ADE104 /* Optionalcell.swift */; };
/* End PBXBuildFile section */

/* Begin PBXContainerItemProxy section */
		22688C2928154D530011B48C /* PBXContainerItemProxy */ = {
			isa = PBXContainerItemProxy;
			containerPortal = 22688C0A28154D520011B48C /* Project object */;
			proxyType = 1;
			remoteGlobalIDString = 22688C1128154D520011B48C;
			remoteInfo = BaoBeo;
		};
		22688C3328154D530011B48C /* PBXContainerItemProxy */ = {
			isa = PBXContainerItemProxy;
			containerPortal = 22688C0A28154D520011B48C /* Project object */;
			proxyType = 1;
			remoteGlobalIDString = 22688C1128154D520011B48C;
			remoteInfo = BaoBeo;
		};
/* End PBXContainerItemProxy section */

/* Begin PBXFileReference section */
		22688C1228154D520011B48C /* HoaDon.app */ = {isa = PBXFileReference; explicitFileType = wrapper.application; includeInIndex = 0; path = HoaDon.app; sourceTree = BUILT_PRODUCTS_DIR; };
		22688C1528154D520011B48C /* AppDelegate.swift */ = {isa = PBXFileReference; lastKnownFileType = sourcecode.swift; path = AppDelegate.swift; sourceTree = "<group>"; };
		22688C1728154D520011B48C /* SceneDelegate.swift */ = {isa = PBXFileReference; lastKnownFileType = sourcecode.swift; path = SceneDelegate.swift; sourceTree = "<group>"; };
		22688C1928154D520011B48C /* ViewController.swift */ = {isa = PBXFileReference; lastKnownFileType = sourcecode.swift; path = ViewController.swift; sourceTree = "<group>"; };
		22688C1C28154D520011B48C /* Base */ = {isa = PBXFileReference; lastKnownFileType = file.storyboard; name = Base; path = Base.lproj/Main.storyboard; sourceTree = "<group>"; };
		22688C1E28154D530011B48C /* Assets.xcassets */ = {isa = PBXFileReference; lastKnownFileType = folder.assetcatalog; path = Assets.xcassets; sourceTree = "<group>"; };
		22688C2128154D530011B48C /* Base */ = {isa = PBXFileReference; lastKnownFileType = file.storyboard; name = Base; path = Base.lproj/LaunchScreen.storyboard; sourceTree = "<group>"; };
		22688C2328154D530011B48C /* Info.plist */ = {isa = PBXFileReference; lastKnownFileType = text.plist.xml; path = Info.plist; sourceTree = "<group>"; };
		22688C2828154D530011B48C /* HoaDonTests.xctest */ = {isa = PBXFileReference; explicitFileType = wrapper.cfbundle; includeInIndex = 0; path = HoaDonTests.xctest; sourceTree = BUILT_PRODUCTS_DIR; };
		22688C2C28154D530011B48C /* BaoBeoTests.swift */ = {isa = PBXFileReference; lastKnownFileType = sourcecode.swift; path = BaoBeoTests.swift; sourceTree = "<group>"; };
		22688C3228154D530011B48C /* HoaDonUITests.xctest */ = {isa = PBXFileReference; explicitFileType = wrapper.cfbundle; includeInIndex = 0; path = HoaDonUITests.xctest; sourceTree = BUILT_PRODUCTS_DIR; };
		22688C3628154D530011B48C /* BaoBeoUITests.swift */ = {isa = PBXFileReference; lastKnownFileType = sourcecode.swift; path = BaoBeoUITests.swift; sourceTree = "<group>"; };
		22688C3828154D530011B48C /* BaoBeoUITestsLaunchTests.swift */ = {isa = PBXFileReference; lastKnownFileType = sourcecode.swift; path = BaoBeoUITestsLaunchTests.swift; sourceTree = "<group>"; };
		2295C48728155F1700ADE104 /* BillCell.swift */ = {isa = PBXFileReference; lastKnownFileType = sourcecode.swift; path = BillCell.swift; sourceTree = "<group>"; };
		2295C489281560C500ADE104 /* Model.swift */ = {isa = PBXFileReference; lastKnownFileType = sourcecode.swift; path = Model.swift; sourceTree = "<group>"; };
		2295C48B2815801100ADE104 /* PresentViewController.swift */ = {isa = PBXFileReference; lastKnownFileType = sourcecode.swift; path = PresentViewController.swift; sourceTree = "<group>"; };
		2295C48D2815859B00ADE104 /* Optionalcell.swift */ = {isa = PBXFileReference; lastKnownFileType = sourcecode.swift; path = Optionalcell.swift; sourceTree = "<group>"; };
/* End PBXFileReference section */

/* Begin PBXFrameworksBuildPhase section */
		22688C0F28154D520011B48C /* Frameworks */ = {
			isa = PBXFrameworksBuildPhase;
			buildActionMask = 2147483647;
			files = (
			);
			runOnlyForDeploymentPostprocessing = 0;
		};
		22688C2528154D530011B48C /* Frameworks */ = {
			isa = PBXFrameworksBuildPhase;
			buildActionMask = 2147483647;
			files = (
			);
			runOnlyForDeploymentPostprocessing = 0;
		};
		22688C2F28154D530011B48C /* Frameworks */ = {
			isa = PBXFrameworksBuildPhase;
			buildActionMask = 2147483647;
			files = (
			);
			runOnlyForDeploymentPostprocessing = 0;
		};
/* End PBXFrameworksBuildPhase section */

/* Begin PBXGroup section */
		22688C0928154D520011B48C = {
			isa = PBXGroup;
			children = (
				22688C1428154D520011B48C /* BaoBeo */,
				22688C2B28154D530011B48C /* BaoBeoTests */,
				22688C3528154D530011B48C /* BaoBeoUITests */,
				22688C1328154D520011B48C /* Products */,
			);
			sourceTree = "<group>";
		};
		22688C1328154D520011B48C /* Products */ = {
			isa = PBXGroup;
			children = (
				22688C1228154D520011B48C /* HoaDon.app */,
				22688C2828154D530011B48C /* HoaDonTests.xctest */,
				22688C3228154D530011B48C /* HoaDonUITests.xctest */,
			);
			name = Products;
			sourceTree = "<group>";
		};
		22688C1428154D520011B48C /* BaoBeo */ = {
			isa = PBXGroup;
			children = (
				22688C1528154D520011B48C /* AppDelegate.swift */,
				22688C1728154D520011B48C /* SceneDelegate.swift */,
				22688C1928154D520011B48C /* ViewController.swift */,
				22688C1B28154D520011B48C /* Main.storyboard */,
				22688C1E28154D530011B48C /* Assets.xcassets */,
				22688C2028154D530011B48C /* LaunchScreen.storyboard */,
				22688C2328154D530011B48C /* Info.plist */,
				2295C48728155F1700ADE104 /* BillCell.swift */,
				2295C489281560C500ADE104 /* Model.swift */,
				2295C48B2815801100ADE104 /* PresentViewController.swift */,
				2295C48D2815859B00ADE104 /* Optionalcell.swift */,
			);
			path = BaoBeo;
			sourceTree = "<group>";
		};
		22688C2B28154D530011B48C /* BaoBeoTests */ = {
			isa = PBXGroup;
			children = (
				22688C2C28154D530011B48C /* BaoBeoTests.swift */,
			);
			path = BaoBeoTests;
			sourceTree = "<group>";
		};
		22688C3528154D530011B48C /* BaoBeoUITests */ = {
			isa = PBXGroup;
			children = (
				22688C3628154D530011B48C /* BaoBeoUITests.swift */,
				22688C3828154D530011B48C /* BaoBeoUITestsLaunchTests.swift */,
			);
			path = BaoBeoUITests;
			sourceTree = "<group>";
		};
/* End PBXGroup section */

/* Begin PBXNativeTarget section */
		22688C1128154D520011B48C /* HoaDon */ = {
			isa = PBXNativeTarget;
			buildConfigurationList = 22688C3C28154D530011B48C /* Build configuration list for PBXNativeTarget "HoaDon" */;
			buildPhases = (
				22688C0E28154D520011B48C /* Sources */,
				22688C0F28154D520011B48C /* Frameworks */,
				22688C1028154D520011B48C /* Resources */,
			);
			buildRules = (
			);
			dependencies = (
			);
			name = HoaDon;
			productName = BaoBeo;
			productReference = 22688C1228154D520011B48C /* HoaDon.app */;
			productType = "com.apple.product-type.application";
		};
		22688C2728154D530011B48C /* HoaDonTests */ = {
			isa = PBXNativeTarget;
			buildConfigurationList = 22688C3F28154D530011B48C /* Build configuration list for PBXNativeTarget "HoaDonTests" */;
			buildPhases = (
				22688C2428154D530011B48C /* Sources */,
				22688C2528154D530011B48C /* Frameworks */,
				22688C2628154D530011B48C /* Resources */,
			);
			buildRules = (
			);
			dependencies = (
				22688C2A28154D530011B48C /* PBXTargetDependency */,
			);
			name = HoaDonTests;
			productName = BaoBeoTests;
			productReference = 22688C2828154D530011B48C /* HoaDonTests.xctest */;
			productType = "com.apple.product-type.bundle.unit-test";
		};
		22688C3128154D530011B48C /* HoaDonUITests */ = {
			isa = PBXNativeTarget;
			buildConfigurationList = 22688C4228154D530011B48C /* Build configuration list for PBXNativeTarget "HoaDonUITests" */;
			buildPhases = (
				22688C2E28154D530011B48C /* Sources */,
				22688C2F28154D530011B48C /* Frameworks */,
				22688C3028154D530011B48C /* Resources */,
			);
			buildRules = (
			);
			dependencies = (
				22688C3428154D530011B48C /* PBXTargetDependency */,
			);
			name = HoaDonUITests;
			productName = BaoBeoUITests;
			productReference = 22688C3228154D530011B48C /* HoaDonUITests.xctest */;
			productType = "com.apple.product-type.bundle.ui-testing";
		};
/* End PBXNativeTarget section */

/* Begin PBXProject section */
		22688C0A28154D520011B48C /* Project object */ = {
			isa = PBXProject;
			attributes = {
				BuildIndependentTargetsInParallel = 1;
				LastSwiftUpdateCheck = 1320;
				LastUpgradeCheck = 1320;
				TargetAttributes = {
					22688C1128154D520011B48C = {
						CreatedOnToolsVersion = 13.2.1;
					};
					22688C2728154D530011B48C = {
						CreatedOnToolsVersion = 13.2.1;
						TestTargetID = 22688C1128154D520011B48C;
					};
					22688C3128154D530011B48C = {
						CreatedOnToolsVersion = 13.2.1;
						TestTargetID = 22688C1128154D520011B48C;
					};
				};
			};
			buildConfigurationList = 22688C0D28154D520011B48C /* Build configuration list for PBXProject "HoaDon" */;
			compatibilityVersion = "Xcode 13.0";
			developmentRegion = en;
			hasScannedForEncodings = 0;
			knownRegions = (
				en,
				Base,
			);
			mainGroup = 22688C0928154D520011B48C;
			productRefGroup = 22688C1328154D520011B48C /* Products */;
			projectDirPath = "";
			projectRoot = "";
			targets = (
				22688C1128154D520011B48C /* HoaDon */,
				22688C2728154D530011B48C /* HoaDonTests */,
				22688C3128154D530011B48C /* HoaDonUITests */,
			);
		};
/* End PBXProject section */

/* Begin PBXResourcesBuildPhase section */
		22688C1028154D520011B48C /* Resources */ = {
			isa = PBXResourcesBuildPhase;
			buildActionMask = 2147483647;
			files = (
				22688C2228154D530011B48C /* LaunchScreen.storyboard in Resources */,
				22688C1F28154D530011B48C /* Assets.xcassets in Resources */,
				22688C1D28154D520011B48C /* Main.storyboard in Resources */,
			);
			runOnlyForDeploymentPostprocessing = 0;
		};
		22688C2628154D530011B48C /* Resources */ = {
			isa = PBXResourcesBuildPhase;
			buildActionMask = 2147483647;
			files = (
			);
			runOnlyForDeploymentPostprocessing = 0;
		};
		22688C3028154D530011B48C /* Resources */ = {
			isa = PBXResourcesBuildPhase;
			buildActionMask = 2147483647;
			files = (
			);
			runOnlyForDeploymentPostprocessing = 0;
		};
/* End PBXResourcesBuildPhase section */

/* Begin PBXSourcesBuildPhase section */
		22688C0E28154D520011B48C /* Sources */ = {
			isa = PBXSourcesBuildPhase;
			buildActionMask = 2147483647;
			files = (
				2295C48E2815859B00ADE104 /* Optionalcell.swift in Sources */,
				2295C48A281560C500ADE104 /* Model.swift in Sources */,
				2295C48828155F1700ADE104 /* BillCell.swift in Sources */,
				2295C48C2815801100ADE104 /* PresentViewController.swift in Sources */,
				22688C1A28154D520011B48C /* ViewController.swift in Sources */,
				22688C1628154D520011B48C /* AppDelegate.swift in Sources */,
				22688C1828154D520011B48C /* SceneDelegate.swift in Sources */,
			);
			runOnlyForDeploymentPostprocessing = 0;
		};
		22688C2428154D530011B48C /* Sources */ = {
			isa = PBXSourcesBuildPhase;
			buildActionMask = 2147483647;
			files = (
				22688C2D28154D530011B48C /* BaoBeoTests.swift in Sources */,
			);
			runOnlyForDeploymentPostprocessing = 0;
		};
		22688C2E28154D530011B48C /* Sources */ = {
			isa = PBXSourcesBuildPhase;
			buildActionMask = 2147483647;
			files = (
				22688C3928154D530011B48C /* BaoBeoUITestsLaunchTests.swift in Sources */,
				22688C3728154D530011B48C /* BaoBeoUITests.swift in Sources */,
			);
			runOnlyForDeploymentPostprocessing = 0;
		};
/* End PBXSourcesBuildPhase section */

/* Begin PBXTargetDependency section */
		22688C2A28154D530011B48C /* PBXTargetDependency */ = {
			isa = PBXTargetDependency;
			target = 22688C1128154D520011B48C /* HoaDon */;
			targetProxy = 22688C2928154D530011B48C /* PBXContainerItemProxy */;
		};
		22688C3428154D530011B48C /* PBXTargetDependency */ = {
			isa = PBXTargetDependency;
			target = 22688C1128154D520011B48C /* HoaDon */;
			targetProxy = 22688C3328154D530011B48C /* PBXContainerItemProxy */;
		};
/* End PBXTargetDependency section */

/* Begin PBXVariantGroup section */
		22688C1B28154D520011B48C /* Main.storyboard */ = {
			isa = PBXVariantGroup;
			children = (
				22688C1C28154D520011B48C /* Base */,
			);
			name = Main.storyboard;
			sourceTree = "<group>";
		};
		22688C2028154D530011B48C /* LaunchScreen.storyboard */ = {
			isa = PBXVariantGroup;
			children = (
				22688C2128154D530011B48C /* Base */,
			);
			name = LaunchScreen.storyboard;
			sourceTree = "<group>";
		};
/* End PBXVariantGroup section */

/* Begin XCBuildConfiguration section */
		22688C3A28154D530011B48C /* Debug */ = {
			isa = XCBuildConfiguration;
			buildSettings = {
				ALWAYS_SEARCH_USER_PATHS = NO;
				CLANG_ANALYZER_NONNULL = YES;
				CLANG_ANALYZER_NUMBER_OBJECT_CONVERSION = YES_AGGRESSIVE;
				CLANG_CXX_LANGUAGE_STANDARD = "gnu++17";
				CLANG_CXX_LIBRARY = "libc++";
				CLANG_ENABLE_MODULES = YES;
				CLANG_ENABLE_OBJC_ARC = YES;
				CLANG_ENABLE_OBJC_WEAK = YES;
				CLANG_WARN_BLOCK_CAPTURE_AUTORELEASING = YES;
				CLANG_WARN_BOOL_CONVERSION = YES;
				CLANG_WARN_COMMA = YES;
				CLANG_WARN_CONSTANT_CONVERSION = YES;
				CLANG_WARN_DEPRECATED_OBJC_IMPLEMENTATIONS = YES;
				CLANG_WARN_DIRECT_OBJC_ISA_USAGE = YES_ERROR;
				CLANG_WARN_DOCUMENTATION_COMMENTS = YES;
				CLANG_WARN_EMPTY_BODY = YES;
				CLANG_WARN_ENUM_CONVERSION = YES;
				CLANG_WARN_INFINITE_RECURSION = YES;
				CLANG_WARN_INT_CONVERSION = YES;
				CLANG_WARN_NON_LITERAL_NULL_CONVERSION = YES;
				CLANG_WARN_OBJC_IMPLICIT_RETAIN_SELF = YES;
				CLANG_WARN_OBJC_LITERAL_CONVERSION = YES;
				CLANG_WARN_OBJC_ROOT_CLASS = YES_ERROR;
				CLANG_WARN_QUOTED_INCLUDE_IN_FRAMEWORK_HEADER = YES;
				CLANG_WARN_RANGE_LOOP_ANALYSIS = YES;
				CLANG_WARN_STRICT_PROTOTYPES = YES;
				CLANG_WARN_SUSPICIOUS_MOVE = YES;
				CLANG_WARN_UNGUARDED_AVAILABILITY = YES_AGGRESSIVE;
				CLANG_WARN_UNREACHABLE_CODE = YES;
				CLANG_WARN__DUPLICATE_METHOD_MATCH = YES;
				COPY_PHASE_STRIP = NO;
				DEBUG_INFORMATION_FORMAT = dwarf;
				ENABLE_STRICT_OBJC_MSGSEND = YES;
				ENABLE_TESTABILITY = YES;
				GCC_C_LANGUAGE_STANDARD = gnu11;
				GCC_DYNAMIC_NO_PIC = NO;
				GCC_NO_COMMON_BLOCKS = YES;
				GCC_OPTIMIZATION_LEVEL = 0;
				GCC_PREPROCESSOR_DEFINITIONS = (
					"DEBUG=1",
					"$(inherited)",
				);
				GCC_WARN_64_TO_32_BIT_CONVERSION = YES;
				GCC_WARN_ABOUT_RETURN_TYPE = YES_ERROR;
				GCC_WARN_UNDECLARED_SELECTOR = YES;
				GCC_WARN_UNINITIALIZED_AUTOS = YES_AGGRESSIVE;
				GCC_WARN_UNUSED_FUNCTION = YES;
				GCC_WARN_UNUSED_VARIABLE = YES;
				IPHONEOS_DEPLOYMENT_TARGET = 15.2;
				MTL_ENABLE_DEBUG_INFO = INCLUDE_SOURCE;
				MTL_FAST_MATH = YES;
				ONLY_ACTIVE_ARCH = YES;
				SDKROOT = iphoneos;
				SWIFT_ACTIVE_COMPILATION_CONDITIONS = DEBUG;
				SWIFT_OPTIMIZATION_LEVEL = "-Onone";
			};
			name = Debug;
		};
		22688C3B28154D530011B48C /* Release */ = {
			isa = XCBuildConfiguration;
			buildSettings = {
				ALWAYS_SEARCH_USER_PATHS = NO;
				CLANG_ANALYZER_NONNULL = YES;
				CLANG_ANALYZER_NUMBER_OBJECT_CONVERSION = YES_AGGRESSIVE;
				CLANG_CXX_LANGUAGE_STANDARD = "gnu++17";
				CLANG_CXX_LIBRARY = "libc++";
				CLANG_ENABLE_MODULES = YES;
				CLANG_ENABLE_OBJC_ARC = YES;
				CLANG_ENABLE_OBJC_WEAK = YES;
				CLANG_WARN_BLOCK_CAPTURE_AUTORELEASING = YES;
				CLANG_WARN_BOOL_CONVERSION = YES;
				CLANG_WARN_COMMA = YES;
				CLANG_WARN_CONSTANT_CONVERSION = YES;
				CLANG_WARN_DEPRECATED_OBJC_IMPLEMENTATIONS = YES;
				CLANG_WARN_DIRECT_OBJC_ISA_USAGE = YES_ERROR;
				CLANG_WARN_DOCUMENTATION_COMMENTS = YES;
				CLANG_WARN_EMPTY_BODY = YES;
				CLANG_WARN_ENUM_CONVERSION = YES;
				CLANG_WARN_INFINITE_RECURSION = YES;
				CLANG_WARN_INT_CONVERSION = YES;
				CLANG_WARN_NON_LITERAL_NULL_CONVERSION = YES;
				CLANG_WARN_OBJC_IMPLICIT_RETAIN_SELF = YES;
				CLANG_WARN_OBJC_LITERAL_CONVERSION = YES;
				CLANG_WARN_OBJC_ROOT_CLASS = YES_ERROR;
				CLANG_WARN_QUOTED_INCLUDE_IN_FRAMEWORK_HEADER = YES;
				CLANG_WARN_RANGE_LOOP_ANALYSIS = YES;
				CLANG_WARN_STRICT_PROTOTYPES = YES;
				CLANG_WARN_SUSPICIOUS_MOVE = YES;
				CLANG_WARN_UNGUARDED_AVAILABILITY = YES_AGGRESSIVE;
				CLANG_WARN_UNREACHABLE_CODE = YES;
				CLANG_WARN__DUPLICATE_METHOD_MATCH = YES;
				COPY_PHASE_STRIP = NO;
				DEBUG_INFORMATION_FORMAT = "dwarf-with-dsym";
				ENABLE_NS_ASSERTIONS = NO;
				ENABLE_STRICT_OBJC_MSGSEND = YES;
				GCC_C_LANGUAGE_STANDARD = gnu11;
				GCC_NO_COMMON_BLOCKS = YES;
				GCC_WARN_64_TO_32_BIT_CONVERSION = YES;
				GCC_WARN_ABOUT_RETURN_TYPE = YES_ERROR;
				GCC_WARN_UNDECLARED_SELECTOR = YES;
				GCC_WARN_UNINITIALIZED_AUTOS = YES_AGGRESSIVE;
				GCC_WARN_UNUSED_FUNCTION = YES;
				GCC_WARN_UNUSED_VARIABLE = YES;
				IPHONEOS_DEPLOYMENT_TARGET = 15.2;
				MTL_ENABLE_DEBUG_INFO = NO;
				MTL_FAST_MATH = YES;
				SDKROOT = iphoneos;
				SWIFT_COMPILATION_MODE = wholemodule;
				SWIFT_OPTIMIZATION_LEVEL = "-O";
				VALIDATE_PRODUCT = YES;
			};
			name = Release;
		};
		22688C3D28154D530011B48C /* Debug */ = {
			isa = XCBuildConfiguration;
			buildSettings = {
				ASSETCATALOG_COMPILER_APPICON_NAME = AppIcon;
				ASSETCATALOG_COMPILER_GLOBAL_ACCENT_COLOR_NAME = AccentColor;
				CODE_SIGN_STYLE = Automatic;
				CURRENT_PROJECT_VERSION = 1;
				GENERATE_INFOPLIST_FILE = YES;
				INFOPLIST_FILE = BaoBeo/Info.plist;
				INFOPLIST_KEY_UIApplicationSupportsIndirectInputEvents = YES;
				INFOPLIST_KEY_UILaunchStoryboardName = LaunchScreen;
				INFOPLIST_KEY_UIMainStoryboardFile = Main;
				INFOPLIST_KEY_UISupportedInterfaceOrientations_iPad = "UIInterfaceOrientationPortrait UIInterfaceOrientationPortraitUpsideDown UIInterfaceOrientationLandscapeLeft UIInterfaceOrientationLandscapeRight";
				INFOPLIST_KEY_UISupportedInterfaceOrientations_iPhone = "UIInterfaceOrientationPortrait UIInterfaceOrientationLandscapeLeft UIInterfaceOrientationLandscapeRight";
				LD_RUNPATH_SEARCH_PATHS = (
					"$(inherited)",
					"@executable_path/Frameworks",
				);
				MARKETING_VERSION = 1.0;
				PRODUCT_BUNDLE_IDENTIFIER = "ba-o.BaoBeo";
				PRODUCT_NAME = "$(TARGET_NAME)";
				SWIFT_EMIT_LOC_STRINGS = YES;
				SWIFT_VERSION = 5.0;
				TARGETED_DEVICE_FAMILY = "1,2";
			};
			name = Debug;
		};
		22688C3E28154D530011B48C /* Release */ = {
			isa = XCBuildConfiguration;
			buildSettings = {
				ASSETCATALOG_COMPILER_APPICON_NAME = AppIcon;
				ASSETCATALOG_COMPILER_GLOBAL_ACCENT_COLOR_NAME = AccentColor;
				CODE_SIGN_STYLE = Automatic;
				CURRENT_PROJECT_VERSION = 1;
				GENERATE_INFOPLIST_FILE = YES;
				INFOPLIST_FILE = BaoBeo/Info.plist;
				INFOPLIST_KEY_UIApplicationSupportsIndirectInputEvents = YES;
				INFOPLIST_KEY_UILaunchStoryboardName = LaunchScreen;
				INFOPLIST_KEY_UIMainStoryboardFile = Main;
				INFOPLIST_KEY_UISupportedInterfaceOrientations_iPad = "UIInterfaceOrientationPortrait UIInterfaceOrientationPortraitUpsideDown UIInterfaceOrientationLandscapeLeft UIInterfaceOrientationLandscapeRight";
				INFOPLIST_KEY_UISupportedInterfaceOrientations_iPhone = "UIInterfaceOrientationPortrait UIInterfaceOrientationLandscapeLeft UIInterfaceOrientationLandscapeRight";
				LD_RUNPATH_SEARCH_PATHS = (
					"$(inherited)",
					"@executable_path/Frameworks",
				);
				MARKETING_VERSION = 1.0;
				PRODUCT_BUNDLE_IDENTIFIER = "ba-o.BaoBeo";
				PRODUCT_NAME = "$(TARGET_NAME)";
				SWIFT_EMIT_LOC_STRINGS = YES;
				SWIFT_VERSION = 5.0;
				TARGETED_DEVICE_FAMILY = "1,2";
			};
			name = Release;
		};
		22688C4028154D530011B48C /* Debug */ = {
			isa = XCBuildConfiguration;
			buildSettings = {
				ALWAYS_EMBED_SWIFT_STANDARD_LIBRARIES = YES;
				BUNDLE_LOADER = "$(TEST_HOST)";
				CODE_SIGN_STYLE = Automatic;
				CURRENT_PROJECT_VERSION = 1;
				GENERATE_INFOPLIST_FILE = YES;
				IPHONEOS_DEPLOYMENT_TARGET = 15.2;
				MARKETING_VERSION = 1.0;
				PRODUCT_BUNDLE_IDENTIFIER = "ba-o.BaoBeoTests";
				PRODUCT_NAME = "$(TARGET_NAME)";
				SWIFT_EMIT_LOC_STRINGS = NO;
				SWIFT_VERSION = 5.0;
				TARGETED_DEVICE_FAMILY = "1,2";
				TEST_HOST = "$(BUILT_PRODUCTS_DIR)/HoaDon.app/HoaDon";
			};
			name = Debug;
		};
		22688C4128154D530011B48C /* Release */ = {
			isa = XCBuildConfiguration;
			buildSettings = {
				ALWAYS_EMBED_SWIFT_STANDARD_LIBRARIES = YES;
				BUNDLE_LOADER = "$(TEST_HOST)";
				CODE_SIGN_STYLE = Automatic;
				CURRENT_PROJECT_VERSION = 1;
				GENERATE_INFOPLIST_FILE = YES;
				IPHONEOS_DEPLOYMENT_TARGET = 15.2;
				MARKETING_VERSION = 1.0;
				PRODUCT_BUNDLE_IDENTIFIER = "ba-o.BaoBeoTests";
				PRODUCT_NAME = "$(TARGET_NAME)";
				SWIFT_EMIT_LOC_STRINGS = NO;
				SWIFT_VERSION = 5.0;
				TARGETED_DEVICE_FAMILY = "1,2";
				TEST_HOST = "$(BUILT_PRODUCTS_DIR)/HoaDon.app/HoaDon";
			};
			name = Release;
		};
		22688C4328154D530011B48C /* Debug */ = {
			isa = XCBuildConfiguration;
			buildSettings = {
				ALWAYS_EMBED_SWIFT_STANDARD_LIBRARIES = YES;
				CODE_SIGN_STYLE = Automatic;
				CURRENT_PROJECT_VERSION = 1;
				GENERATE_INFOPLIST_FILE = YES;
				MARKETING_VERSION = 1.0;
				PRODUCT_BUNDLE_IDENTIFIER = "ba-o.BaoBeoUITests";
				PRODUCT_NAME = "$(TARGET_NAME)";
				SWIFT_EMIT_LOC_STRINGS = NO;
				SWIFT_VERSION = 5.0;
				TARGETED_DEVICE_FAMILY = "1,2";
				TEST_TARGET_NAME = BaoBeo;
			};
			name = Debug;
		};
		22688C4428154D530011B48C /* Release */ = {
			isa = XCBuildConfiguration;
			buildSettings = {
				ALWAYS_EMBED_SWIFT_STANDARD_LIBRARIES = YES;
				CODE_SIGN_STYLE = Automatic;
				CURRENT_PROJECT_VERSION = 1;
				GENERATE_INFOPLIST_FILE = YES;
				MARKETING_VERSION = 1.0;
				PRODUCT_BUNDLE_IDENTIFIER = "ba-o.BaoBeoUITests";
				PRODUCT_NAME = "$(TARGET_NAME)";
				SWIFT_EMIT_LOC_STRINGS = NO;
				SWIFT_VERSION = 5.0;
				TARGETED_DEVICE_FAMILY = "1,2";
				TEST_TARGET_NAME = BaoBeo;
			};
			name = Release;
		};
/* End XCBuildConfiguration section */

/* Begin XCConfigurationList section */
		22688C0D28154D520011B48C /* Build configuration list for PBXProject "HoaDon" */ = {
			isa = XCConfigurationList;
			buildConfigurations = (
				22688C3A28154D530011B48C /* Debug */,
				22688C3B28154D530011B48C /* Release */,
			);
			defaultConfigurationIsVisible = 0;
			defaultConfigurationName = Release;
		};
		22688C3C28154D530011B48C /* Build configuration list for PBXNativeTarget "HoaDon" */ = {
			isa = XCConfigurationList;
			buildConfigurations = (
				22688C3D28154D530011B48C /* Debug */,
				22688C3E28154D530011B48C /* Release */,
			);
			defaultConfigurationIsVisible = 0;
			defaultConfigurationName = Release;
		};
		22688C3F28154D530011B48C /* Build configuration list for PBXNativeTarget "HoaDonTests" */ = {
			isa = XCConfigurationList;
			buildConfigurations = (
				22688C4028154D530011B48C /* Debug */,
				22688C4128154D530011B48C /* Release */,
			);
			defaultConfigurationIsVisible = 0;
			defaultConfigurationName = Release;
		};
		22688C4228154D530011B48C /* Build configuration list for PBXNativeTarget "HoaDonUITests" */ = {
			isa = XCConfigurationList;
			buildConfigurations = (
				22688C4328154D530011B48C /* Debug */,
				22688C4428154D530011B48C /* Release */,
			);
			defaultConfigurationIsVisible = 0;
			defaultConfigurationName = Release;
		};
/* End XCConfigurationList section */
	};
	rootObject = 22688C0A28154D520011B48C /* Project object */;
}
